{
  "version": 4,
  "terraform_version": "1.10.4",
  "serial": 32,
  "lineage": "a2c021b8-f03b-f2e5-3a49-c04930a423b2",
  "outputs": {},
  "resources": [
    {
      "mode": "managed",
      "type": "kubernetes_deployment",
      "name": "app",
      "provider": "provider[\"registry.terraform.io/hashicorp/kubernetes\"]",
      "instances": [
        {
          "index_key": "dev",
          "schema_version": 1,
          "attributes": {
            "id": "dev/tpc-app-dev",
            "metadata": [
              {
                "annotations": {},
                "generate_name": "",
                "generation": 1,
                "labels": {
                  "app": "tpc-app"
                },
                "name": "tpc-app-dev",
                "namespace": "dev",
                "resource_version": "2063",
                "uid": "570dc02f-2ad3-45d6-a802-0c58414fbbd5"
              }
            ],
            "spec": [
              {
                "min_ready_seconds": 0,
                "paused": false,
                "progress_deadline_seconds": 600,
                "replicas": "1",
                "revision_history_limit": 10,
                "selector": [
                  {
                    "match_expressions": [],
                    "match_labels": {
                      "app": "tpc-app"
                    }
                  }
                ],
                "strategy": [
                  {
                    "rolling_update": [
                      {
                        "max_surge": "25%",
                        "max_unavailable": "25%"
                      }
                    ],
                    "type": "RollingUpdate"
                  }
                ],
                "template": [
                  {
                    "metadata": [
                      {
                        "annotations": {},
                        "generate_name": "",
                        "generation": 0,
                        "labels": {
                          "app": "tpc-app"
                        },
                        "name": "",
                        "namespace": "",
                        "resource_version": "",
                        "uid": ""
                      }
                    ],
                    "spec": [
                      {
                        "active_deadline_seconds": 0,
                        "affinity": [],
                        "automount_service_account_token": true,
                        "container": [
                          {
                            "args": [],
                            "command": [],
                            "env": [],
                            "env_from": [],
                            "image": "nginx:1.21-alpine",
                            "image_pull_policy": "IfNotPresent",
                            "lifecycle": [],
                            "liveness_probe": [],
                            "name": "tpc-container",
                            "port": [
                              {
                                "container_port": 8080,
                                "host_ip": "",
                                "host_port": 0,
                                "name": "",
                                "protocol": "TCP"
                              }
                            ],
                            "readiness_probe": [],
                            "resources": [
                              {
                                "limits": {},
                                "requests": {}
                              }
                            ],
                            "security_context": [],
                            "startup_probe": [],
                            "stdin": false,
                            "stdin_once": false,
                            "termination_message_path": "/dev/termination-log",
                            "termination_message_policy": "File",
                            "tty": false,
                            "volume_device": [],
                            "volume_mount": [],
                            "working_dir": ""
                          }
                        ],
                        "dns_config": [],
                        "dns_policy": "ClusterFirst",
                        "enable_service_links": true,
                        "host_aliases": [],
                        "host_ipc": false,
                        "host_network": false,
                        "host_pid": false,
                        "hostname": "",
                        "image_pull_secrets": [],
                        "init_container": [],
                        "node_name": "",
                        "node_selector": {},
                        "os": [],
                        "priority_class_name": "",
                        "readiness_gate": [],
                        "restart_policy": "Always",
                        "runtime_class_name": "",
                        "scheduler_name": "default-scheduler",
                        "security_context": [],
                        "service_account_name": "",
                        "share_process_namespace": false,
                        "subdomain": "",
                        "termination_grace_period_seconds": 30,
                        "toleration": [],
                        "topology_spread_constraint": [],
                        "volume": []
                      }
                    ]
                  }
                ]
              }
            ],
            "timeouts": null,
            "wait_for_rollout": true
          },
          "sensitive_attributes": [],
          "private": "eyJlMmJmYjczMC1lY2FhLTExZTYtOGY4OC0zNDM2M2JjN2M0YzAiOnsiY3JlYXRlIjo2MDAwMDAwMDAwMDAsImRlbGV0ZSI6NjAwMDAwMDAwMDAwLCJ1cGRhdGUiOjYwMDAwMDAwMDAwMH0sInNjaGVtYV92ZXJzaW9uIjoiMSJ9"
        },
        {
          "index_key": "prod",
          "schema_version": 1,
          "attributes": {
            "id": "prod/tpc-app-prod",
            "metadata": [
              {
                "annotations": {},
                "generate_name": "",
                "generation": 1,
                "labels": {
                  "app": "tpc-app"
                },
                "name": "tpc-app-prod",
                "namespace": "prod",
                "resource_version": "2048",
                "uid": "8c0222f6-fed1-40b1-8587-7215b29af4fb"
              }
            ],
            "spec": [
              {
                "min_ready_seconds": 0,
                "paused": false,
                "progress_deadline_seconds": 600,
                "replicas": "3",
                "revision_history_limit": 10,
                "selector": [
                  {
                    "match_expressions": [],
                    "match_labels": {
                      "app": "tpc-app"
                    }
                  }
                ],
                "strategy": [
                  {
                    "rolling_update": [
                      {
                        "max_surge": "25%",
                        "max_unavailable": "25%"
                      }
                    ],
                    "type": "RollingUpdate"
                  }
                ],
                "template": [
                  {
                    "metadata": [
                      {
                        "annotations": {},
                        "generate_name": "",
                        "generation": 0,
                        "labels": {
                          "app": "tpc-app"
                        },
                        "name": "",
                        "namespace": "",
                        "resource_version": "",
                        "uid": ""
                      }
                    ],
                    "spec": [
                      {
                        "active_deadline_seconds": 0,
                        "affinity": [],
                        "automount_service_account_token": true,
                        "container": [
                          {
                            "args": [],
                            "command": [],
                            "env": [],
                            "env_from": [],
                            "image": "nginx:1.21-alpine",
                            "image_pull_policy": "IfNotPresent",
                            "lifecycle": [],
                            "liveness_probe": [],
                            "name": "tpc-container",
                            "port": [
                              {
                                "container_port": 8080,
                                "host_ip": "",
                                "host_port": 0,
                                "name": "",
                                "protocol": "TCP"
                              }
                            ],
                            "readiness_probe": [],
                            "resources": [
                              {
                                "limits": {},
                                "requests": {}
                              }
                            ],
                            "security_context": [],
                            "startup_probe": [],
                            "stdin": false,
                            "stdin_once": false,
                            "termination_message_path": "/dev/termination-log",
                            "termination_message_policy": "File",
                            "tty": false,
                            "volume_device": [],
                            "volume_mount": [],
                            "working_dir": ""
                          }
                        ],
                        "dns_config": [],
                        "dns_policy": "ClusterFirst",
                        "enable_service_links": true,
                        "host_aliases": [],
                        "host_ipc": false,
                        "host_network": false,
                        "host_pid": false,
                        "hostname": "",
                        "image_pull_secrets": [],
                        "init_container": [],
                        "node_name": "",
                        "node_selector": {},
                        "os": [],
                        "priority_class_name": "",
                        "readiness_gate": [],
                        "restart_policy": "Always",
                        "runtime_class_name": "",
                        "scheduler_name": "default-scheduler",
                        "security_context": [],
                        "service_account_name": "",
                        "share_process_namespace": false,
                        "subdomain": "",
                        "termination_grace_period_seconds": 30,
                        "toleration": [],
                        "topology_spread_constraint": [],
                        "volume": []
                      }
                    ]
                  }
                ]
              }
            ],
            "timeouts": null,
            "wait_for_rollout": true
          },
          "sensitive_attributes": [],
          "private": "eyJlMmJmYjczMC1lY2FhLTExZTYtOGY4OC0zNDM2M2JjN2M0YzAiOnsiY3JlYXRlIjo2MDAwMDAwMDAwMDAsImRlbGV0ZSI6NjAwMDAwMDAwMDAwLCJ1cGRhdGUiOjYwMDAwMDAwMDAwMH0sInNjaGVtYV92ZXJzaW9uIjoiMSJ9"
        },
        {
          "index_key": "staging",
          "schema_version": 1,
          "attributes": {
            "id": "staging/tpc-app-staging",
            "metadata": [
              {
                "annotations": {},
                "generate_name": "",
                "generation": 1,
                "labels": {
                  "app": "tpc-app"
                },
                "name": "tpc-app-staging",
                "namespace": "staging",
                "resource_version": "1999",
                "uid": "ab035ca8-3e01-4779-92c1-24d01a91c54b"
              }
            ],
            "spec": [
              {
                "min_ready_seconds": 0,
                "paused": false,
                "progress_deadline_seconds": 600,
                "replicas": "2",
                "revision_history_limit": 10,
                "selector": [
                  {
                    "match_expressions": [],
                    "match_labels": {
                      "app": "tpc-app"
                    }
                  }
                ],
                "strategy": [
                  {
                    "rolling_update": [
                      {
                        "max_surge": "25%",
                        "max_unavailable": "25%"
                      }
                    ],
                    "type": "RollingUpdate"
                  }
                ],
                "template": [
                  {
                    "metadata": [
                      {
                        "annotations": {},
                        "generate_name": "",
                        "generation": 0,
                        "labels": {
                          "app": "tpc-app"
                        },
                        "name": "",
                        "namespace": "",
                        "resource_version": "",
                        "uid": ""
                      }
                    ],
                    "spec": [
                      {
                        "active_deadline_seconds": 0,
                        "affinity": [],
                        "automount_service_account_token": true,
                        "container": [
                          {
                            "args": [],
                            "command": [],
                            "env": [],
                            "env_from": [],
                            "image": "nginx:1.21-alpine",
                            "image_pull_policy": "IfNotPresent",
                            "lifecycle": [],
                            "liveness_probe": [],
                            "name": "tpc-container",
                            "port": [
                              {
                                "container_port": 8080,
                                "host_ip": "",
                                "host_port": 0,
                                "name": "",
                                "protocol": "TCP"
                              }
                            ],
                            "readiness_probe": [],
                            "resources": [
                              {
                                "limits": {},
                                "requests": {}
                              }
                            ],
                            "security_context": [],
                            "startup_probe": [],
                            "stdin": false,
                            "stdin_once": false,
                            "termination_message_path": "/dev/termination-log",
                            "termination_message_policy": "File",
                            "tty": false,
                            "volume_device": [],
                            "volume_mount": [],
                            "working_dir": ""
                          }
                        ],
                        "dns_config": [],
                        "dns_policy": "ClusterFirst",
                        "enable_service_links": true,
                        "host_aliases": [],
                        "host_ipc": false,
                        "host_network": false,
                        "host_pid": false,
                        "hostname": "",
                        "image_pull_secrets": [],
                        "init_container": [],
                        "node_name": "",
                        "node_selector": {},
                        "os": [],
                        "priority_class_name": "",
                        "readiness_gate": [],
                        "restart_policy": "Always",
                        "runtime_class_name": "",
                        "scheduler_name": "default-scheduler",
                        "security_context": [],
                        "service_account_name": "",
                        "share_process_namespace": false,
                        "subdomain": "",
                        "termination_grace_period_seconds": 30,
                        "toleration": [],
                        "topology_spread_constraint": [],
                        "volume": []
                      }
                    ]
                  }
                ]
              }
            ],
            "timeouts": null,
            "wait_for_rollout": true
          },
          "sensitive_attributes": [],
          "private": "eyJlMmJmYjczMC1lY2FhLTExZTYtOGY4OC0zNDM2M2JjN2M0YzAiOnsiY3JlYXRlIjo2MDAwMDAwMDAwMDAsImRlbGV0ZSI6NjAwMDAwMDAwMDAwLCJ1cGRhdGUiOjYwMDAwMDAwMDAwMH0sInNjaGVtYV92ZXJzaW9uIjoiMSJ9"
        }
      ]
    },
    {
      "mode": "managed",
      "type": "kubernetes_deployment",
      "name": "mysql",
      "provider": "provider[\"registry.terraform.io/hashicorp/kubernetes\"]",
      "instances": [
        {
          "index_key": "dev",
          "schema_version": 1,
          "attributes": {
            "id": "dev/mysql-deployment-dev",
            "metadata": [
              {
                "annotations": null,
                "generate_name": "",
                "generation": 1,
                "labels": null,
                "name": "mysql-deployment-dev",
                "namespace": "dev",
                "resource_version": "3577",
                "uid": "3c0e5ada-fa99-4cd2-9a80-8d63b69a773e"
              }
            ],
            "spec": [
              {
                "min_ready_seconds": 0,
                "paused": false,
                "progress_deadline_seconds": 600,
                "replicas": "1",
                "revision_history_limit": 10,
                "selector": [
                  {
                    "match_expressions": [],
                    "match_labels": {
                      "app": "mysql"
                    }
                  }
                ],
                "strategy": [
                  {
                    "rolling_update": [
                      {
                        "max_surge": "25%",
                        "max_unavailable": "25%"
                      }
                    ],
                    "type": "RollingUpdate"
                  }
                ],
                "template": [
                  {
                    "metadata": [
                      {
                        "annotations": null,
                        "generate_name": "",
                        "generation": 0,
                        "labels": {
                          "app": "mysql"
                        },
                        "name": "",
                        "namespace": "",
                        "resource_version": "",
                        "uid": ""
                      }
                    ],
                    "spec": [
                      {
                        "active_deadline_seconds": 0,
                        "affinity": [],
                        "automount_service_account_token": true,
                        "container": [
                          {
                            "args": null,
                            "command": null,
                            "env": [],
                            "env_from": [],
                            "image": "mysql:5.7",
                            "image_pull_policy": "IfNotPresent",
                            "lifecycle": [],
                            "liveness_probe": [],
                            "name": "mysql",
                            "port": [
                              {
                                "container_port": 3306,
                                "host_ip": "",
                                "host_port": 0,
                                "name": "",
                                "protocol": "TCP"
                              }
                            ],
                            "readiness_probe": [],
                            "resources": [
                              {
                                "limits": {},
                                "requests": {}
                              }
                            ],
                            "security_context": [],
                            "startup_probe": [],
                            "stdin": false,
                            "stdin_once": false,
                            "termination_message_path": "/dev/termination-log",
                            "termination_message_policy": "File",
                            "tty": false,
                            "volume_device": [],
                            "volume_mount": [],
                            "working_dir": ""
                          }
                        ],
                        "dns_config": [],
                        "dns_policy": "ClusterFirst",
                        "enable_service_links": true,
                        "host_aliases": [],
                        "host_ipc": false,
                        "host_network": false,
                        "host_pid": false,
                        "hostname": "",
                        "image_pull_secrets": [],
                        "init_container": [],
                        "node_name": "",
                        "node_selector": null,
                        "os": [],
                        "priority_class_name": "",
                        "readiness_gate": [],
                        "restart_policy": "Always",
                        "runtime_class_name": "",
                        "scheduler_name": "default-scheduler",
                        "security_context": [],
                        "service_account_name": "",
                        "share_process_namespace": false,
                        "subdomain": "",
                        "termination_grace_period_seconds": 30,
                        "toleration": [],
                        "topology_spread_constraint": [],
                        "volume": []
                      }
                    ]
                  }
                ]
              }
            ],
            "timeouts": null,
            "wait_for_rollout": true
          },
          "sensitive_attributes": [],
          "private": "eyJlMmJmYjczMC1lY2FhLTExZTYtOGY4OC0zNDM2M2JjN2M0YzAiOnsiY3JlYXRlIjo2MDAwMDAwMDAwMDAsImRlbGV0ZSI6NjAwMDAwMDAwMDAwLCJ1cGRhdGUiOjYwMDAwMDAwMDAwMH0sInNjaGVtYV92ZXJzaW9uIjoiMSJ9",
          "dependencies": [
            "kubernetes_namespace.app_namespace"
          ]
        },
        {
          "index_key": "prod",
          "schema_version": 1,
          "attributes": {
            "id": "prod/mysql-deployment-prod",
            "metadata": [
              {
                "annotations": {},
                "generate_name": "",
                "generation": 1,
                "labels": {},
                "name": "mysql-deployment-prod",
                "namespace": "prod",
                "resource_version": "3071",
                "uid": "1b550c26-ed0d-41d2-ab74-65c4f8ad6d5c"
              }
            ],
            "spec": [
              {
                "min_ready_seconds": 0,
                "paused": false,
                "progress_deadline_seconds": 600,
                "replicas": "1",
                "revision_history_limit": 10,
                "selector": [
                  {
                    "match_expressions": [],
                    "match_labels": {
                      "app": "mysql"
                    }
                  }
                ],
                "strategy": [
                  {
                    "rolling_update": [
                      {
                        "max_surge": "25%",
                        "max_unavailable": "25%"
                      }
                    ],
                    "type": "RollingUpdate"
                  }
                ],
                "template": [
                  {
                    "metadata": [
                      {
                        "annotations": {},
                        "generate_name": "",
                        "generation": 0,
                        "labels": {
                          "app": "mysql"
                        },
                        "name": "",
                        "namespace": "",
                        "resource_version": "",
                        "uid": ""
                      }
                    ],
                    "spec": [
                      {
                        "active_deadline_seconds": 0,
                        "affinity": [],
                        "automount_service_account_token": true,
                        "container": [
                          {
                            "args": [],
                            "command": [],
                            "env": [],
                            "env_from": [],
                            "image": "mysql:5.7",
                            "image_pull_policy": "IfNotPresent",
                            "lifecycle": [],
                            "liveness_probe": [],
                            "name": "mysql",
                            "port": [
                              {
                                "container_port": 3306,
                                "host_ip": "",
                                "host_port": 0,
                                "name": "",
                                "protocol": "TCP"
                              }
                            ],
                            "readiness_probe": [],
                            "resources": [
                              {
                                "limits": {},
                                "requests": {}
                              }
                            ],
                            "security_context": [],
                            "startup_probe": [],
                            "stdin": false,
                            "stdin_once": false,
                            "termination_message_path": "/dev/termination-log",
                            "termination_message_policy": "File",
                            "tty": false,
                            "volume_device": [],
                            "volume_mount": [],
                            "working_dir": ""
                          }
                        ],
                        "dns_config": [],
                        "dns_policy": "ClusterFirst",
                        "enable_service_links": true,
                        "host_aliases": [],
                        "host_ipc": false,
                        "host_network": false,
                        "host_pid": false,
                        "hostname": "",
                        "image_pull_secrets": [],
                        "init_container": [],
                        "node_name": "",
                        "node_selector": {},
                        "os": [],
                        "priority_class_name": "",
                        "readiness_gate": [],
                        "restart_policy": "Always",
                        "runtime_class_name": "",
                        "scheduler_name": "default-scheduler",
                        "security_context": [],
                        "service_account_name": "",
                        "share_process_namespace": false,
                        "subdomain": "",
                        "termination_grace_period_seconds": 30,
                        "toleration": [],
                        "topology_spread_constraint": [],
                        "volume": []
                      }
                    ]
                  }
                ]
              }
            ],
            "timeouts": null,
            "wait_for_rollout": true
          },
          "sensitive_attributes": [],
          "private": "eyJlMmJmYjczMC1lY2FhLTExZTYtOGY4OC0zNDM2M2JjN2M0YzAiOnsiY3JlYXRlIjo2MDAwMDAwMDAwMDAsImRlbGV0ZSI6NjAwMDAwMDAwMDAwLCJ1cGRhdGUiOjYwMDAwMDAwMDAwMH0sInNjaGVtYV92ZXJzaW9uIjoiMSJ9",
          "dependencies": [
            "kubernetes_namespace.app_namespace"
          ]
        },
        {
          "index_key": "staging",
          "schema_version": 1,
          "attributes": {
            "id": "staging/mysql-deployment-staging",
            "metadata": [
              {
                "annotations": {},
                "generate_name": "",
                "generation": 1,
                "labels": {},
                "name": "mysql-deployment-staging",
                "namespace": "staging",
                "resource_version": "2834",
                "uid": "45adad75-b1fc-4837-b984-165d9b2260c5"
              }
            ],
            "spec": [
              {
                "min_ready_seconds": 0,
                "paused": false,
                "progress_deadline_seconds": 600,
                "replicas": "1",
                "revision_history_limit": 10,
                "selector": [
                  {
                    "match_expressions": [],
                    "match_labels": {
                      "app": "mysql"
                    }
                  }
                ],
                "strategy": [
                  {
                    "rolling_update": [
                      {
                        "max_surge": "25%",
                        "max_unavailable": "25%"
                      }
                    ],
                    "type": "RollingUpdate"
                  }
                ],
                "template": [
                  {
                    "metadata": [
                      {
                        "annotations": {},
                        "generate_name": "",
                        "generation": 0,
                        "labels": {
                          "app": "mysql"
                        },
                        "name": "",
                        "namespace": "",
                        "resource_version": "",
                        "uid": ""
                      }
                    ],
                    "spec": [
                      {
                        "active_deadline_seconds": 0,
                        "affinity": [],
                        "automount_service_account_token": true,
                        "container": [
                          {
                            "args": [],
                            "command": [],
                            "env": [],
                            "env_from": [],
                            "image": "mysql:5.7",
                            "image_pull_policy": "IfNotPresent",
                            "lifecycle": [],
                            "liveness_probe": [],
                            "name": "mysql",
                            "port": [
                              {
                                "container_port": 3306,
                                "host_ip": "",
                                "host_port": 0,
                                "name": "",
                                "protocol": "TCP"
                              }
                            ],
                            "readiness_probe": [],
                            "resources": [
                              {
                                "limits": {},
                                "requests": {}
                              }
                            ],
                            "security_context": [],
                            "startup_probe": [],
                            "stdin": false,
                            "stdin_once": false,
                            "termination_message_path": "/dev/termination-log",
                            "termination_message_policy": "File",
                            "tty": false,
                            "volume_device": [],
                            "volume_mount": [],
                            "working_dir": ""
                          }
                        ],
                        "dns_config": [],
                        "dns_policy": "ClusterFirst",
                        "enable_service_links": true,
                        "host_aliases": [],
                        "host_ipc": false,
                        "host_network": false,
                        "host_pid": false,
                        "hostname": "",
                        "image_pull_secrets": [],
                        "init_container": [],
                        "node_name": "",
                        "node_selector": {},
                        "os": [],
                        "priority_class_name": "",
                        "readiness_gate": [],
                        "restart_policy": "Always",
                        "runtime_class_name": "",
                        "scheduler_name": "default-scheduler",
                        "security_context": [],
                        "service_account_name": "",
                        "share_process_namespace": false,
                        "subdomain": "",
                        "termination_grace_period_seconds": 30,
                        "toleration": [],
                        "topology_spread_constraint": [],
                        "volume": []
                      }
                    ]
                  }
                ]
              }
            ],
            "timeouts": null,
            "wait_for_rollout": true
          },
          "sensitive_attributes": [],
          "private": "eyJlMmJmYjczMC1lY2FhLTExZTYtOGY4OC0zNDM2M2JjN2M0YzAiOnsiY3JlYXRlIjo2MDAwMDAwMDAwMDAsImRlbGV0ZSI6NjAwMDAwMDAwMDAwLCJ1cGRhdGUiOjYwMDAwMDAwMDAwMH0sInNjaGVtYV92ZXJzaW9uIjoiMSJ9",
          "dependencies": [
            "kubernetes_namespace.app_namespace"
          ]
        }
      ]
    },
    {
      "mode": "managed",
      "type": "kubernetes_namespace",
      "name": "app_namespace",
      "provider": "provider[\"registry.terraform.io/hashicorp/kubernetes\"]",
      "instances": [
        {
          "index_key": "dev",
          "schema_version": 0,
          "attributes": {
            "id": "dev",
            "metadata": [
              {
                "annotations": {},
                "generate_name": "",
                "generation": 0,
                "labels": {},
                "name": "dev",
                "resource_version": "1760",
                "uid": "92082e32-746f-4eef-9dbb-af3cfb63536c"
              }
            ],
            "timeouts": null,
            "wait_for_default_service_account": false
          },
          "sensitive_attributes": [],
          "private": "eyJlMmJmYjczMC1lY2FhLTExZTYtOGY4OC0zNDM2M2JjN2M0YzAiOnsiZGVsZXRlIjozMDAwMDAwMDAwMDB9fQ=="
        },
        {
          "index_key": "prod",
          "schema_version": 0,
          "attributes": {
            "id": "prod",
            "metadata": [
              {
                "annotations": {},
                "generate_name": "",
                "generation": 0,
                "labels": {},
                "name": "prod",
                "resource_version": "1762",
                "uid": "abaea8c3-29cb-4c9b-9e6f-5268048951f8"
              }
            ],
            "timeouts": null,
            "wait_for_default_service_account": false
          },
          "sensitive_attributes": [],
          "private": "eyJlMmJmYjczMC1lY2FhLTExZTYtOGY4OC0zNDM2M2JjN2M0YzAiOnsiZGVsZXRlIjozMDAwMDAwMDAwMDB9fQ=="
        },
        {
          "index_key": "staging",
          "schema_version": 0,
          "attributes": {
            "id": "staging",
            "metadata": [
              {
                "annotations": {},
                "generate_name": "",
                "generation": 0,
                "labels": {},
                "name": "staging",
                "resource_version": "1761",
                "uid": "f83ceb04-94e8-424c-be1d-d8d2d241722d"
              }
            ],
            "timeouts": null,
            "wait_for_default_service_account": false
          },
          "sensitive_attributes": [],
          "private": "eyJlMmJmYjczMC1lY2FhLTExZTYtOGY4OC0zNDM2M2JjN2M0YzAiOnsiZGVsZXRlIjozMDAwMDAwMDAwMDB9fQ=="
        }
      ]
    },
    {
      "mode": "managed",
      "type": "kubernetes_service",
      "name": "app_service",
      "provider": "provider[\"registry.terraform.io/hashicorp/kubernetes\"]",
      "instances": [
        {
          "index_key": "dev",
          "schema_version": 1,
          "attributes": {
            "id": "dev/tpc-app-service-dev",
            "metadata": [
              {
                "annotations": {},
                "generate_name": "",
                "generation": 0,
                "labels": {},
                "name": "tpc-app-service-dev",
                "namespace": "dev",
                "resource_version": "1777",
                "uid": "e9b8bea4-2fa7-4b48-9e7c-85ad3a056ca6"
              }
            ],
            "spec": [
              {
                "allocate_load_balancer_node_ports": true,
                "cluster_ip": "10.98.62.237",
                "cluster_ips": [
                  "10.98.62.237"
                ],
                "external_ips": [],
                "external_name": "",
                "external_traffic_policy": "",
                "health_check_node_port": 0,
                "internal_traffic_policy": "Cluster",
                "ip_families": [
                  "IPv4"
                ],
                "ip_family_policy": "SingleStack",
                "load_balancer_class": "",
                "load_balancer_ip": "",
                "load_balancer_source_ranges": [],
                "port": [
                  {
                    "app_protocol": "",
                    "name": "",
                    "node_port": 0,
                    "port": 80,
                    "protocol": "TCP",
                    "target_port": "8080"
                  }
                ],
                "publish_not_ready_addresses": false,
                "selector": {
                  "app": "tpc-app"
                },
                "session_affinity": "None",
                "session_affinity_config": [],
                "type": "ClusterIP"
              }
            ],
            "status": [
              {
                "load_balancer": [
                  {
                    "ingress": []
                  }
                ]
              }
            ],
            "timeouts": null,
            "wait_for_load_balancer": true
          },
          "sensitive_attributes": [],
          "private": "eyJlMmJmYjczMC1lY2FhLTExZTYtOGY4OC0zNDM2M2JjN2M0YzAiOnsiY3JlYXRlIjo2MDAwMDAwMDAwMDB9LCJzY2hlbWFfdmVyc2lvbiI6IjEifQ=="
        },
        {
          "index_key": "prod",
          "schema_version": 1,
          "attributes": {
            "id": "prod/tpc-app-service-prod",
            "metadata": [
              {
                "annotations": {},
                "generate_name": "",
                "generation": 0,
                "labels": {},
                "name": "tpc-app-service-prod",
                "namespace": "prod",
                "resource_version": "1781",
                "uid": "72978c30-810d-4f00-9e2f-33f99f04e1a0"
              }
            ],
            "spec": [
              {
                "allocate_load_balancer_node_ports": true,
                "cluster_ip": "10.102.188.216",
                "cluster_ips": [
                  "10.102.188.216"
                ],
                "external_ips": [],
                "external_name": "",
                "external_traffic_policy": "",
                "health_check_node_port": 0,
                "internal_traffic_policy": "Cluster",
                "ip_families": [
                  "IPv4"
                ],
                "ip_family_policy": "SingleStack",
                "load_balancer_class": "",
                "load_balancer_ip": "",
                "load_balancer_source_ranges": [],
                "port": [
                  {
                    "app_protocol": "",
                    "name": "",
                    "node_port": 0,
                    "port": 80,
                    "protocol": "TCP",
                    "target_port": "8080"
                  }
                ],
                "publish_not_ready_addresses": false,
                "selector": {
                  "app": "tpc-app"
                },
                "session_affinity": "None",
                "session_affinity_config": [],
                "type": "ClusterIP"
              }
            ],
            "status": [
              {
                "load_balancer": [
                  {
                    "ingress": []
                  }
                ]
              }
            ],
            "timeouts": null,
            "wait_for_load_balancer": true
          },
          "sensitive_attributes": [],
          "private": "eyJlMmJmYjczMC1lY2FhLTExZTYtOGY4OC0zNDM2M2JjN2M0YzAiOnsiY3JlYXRlIjo2MDAwMDAwMDAwMDB9LCJzY2hlbWFfdmVyc2lvbiI6IjEifQ=="
        },
        {
          "index_key": "staging",
          "schema_version": 1,
          "attributes": {
            "id": "staging/tpc-app-service-staging",
            "metadata": [
              {
                "annotations": {},
                "generate_name": "",
                "generation": 0,
                "labels": {},
                "name": "tpc-app-service-staging",
                "namespace": "staging",
                "resource_version": "1773",
                "uid": "709d9cad-ab8a-4d0f-9ae3-4241583097cb"
              }
            ],
            "spec": [
              {
                "allocate_load_balancer_node_ports": true,
                "cluster_ip": "10.111.153.194",
                "cluster_ips": [
                  "10.111.153.194"
                ],
                "external_ips": [],
                "external_name": "",
                "external_traffic_policy": "",
                "health_check_node_port": 0,
                "internal_traffic_policy": "Cluster",
                "ip_families": [
                  "IPv4"
                ],
                "ip_family_policy": "SingleStack",
                "load_balancer_class": "",
                "load_balancer_ip": "",
                "load_balancer_source_ranges": [],
                "port": [
                  {
                    "app_protocol": "",
                    "name": "",
                    "node_port": 0,
                    "port": 80,
                    "protocol": "TCP",
                    "target_port": "8080"
                  }
                ],
                "publish_not_ready_addresses": false,
                "selector": {
                  "app": "tpc-app"
                },
                "session_affinity": "None",
                "session_affinity_config": [],
                "type": "ClusterIP"
              }
            ],
            "status": [
              {
                "load_balancer": [
                  {
                    "ingress": []
                  }
                ]
              }
            ],
            "timeouts": null,
            "wait_for_load_balancer": true
          },
          "sensitive_attributes": [],
          "private": "eyJlMmJmYjczMC1lY2FhLTExZTYtOGY4OC0zNDM2M2JjN2M0YzAiOnsiY3JlYXRlIjo2MDAwMDAwMDAwMDB9LCJzY2hlbWFfdmVyc2lvbiI6IjEifQ=="
        }
      ]
    },
    {
      "mode": "managed",
      "type": "kubernetes_service",
      "name": "mysql_service",
      "provider": "provider[\"registry.terraform.io/hashicorp/kubernetes\"]",
      "instances": [
        {
          "index_key": "dev",
          "schema_version": 1,
          "attributes": {
            "id": "dev/mysql-service-dev",
            "metadata": [
              {
                "annotations": {},
                "generate_name": "",
                "generation": 0,
                "labels": {},
                "name": "mysql-service-dev",
                "namespace": "dev",
                "resource_version": "1886",
                "uid": "105343d5-72c2-4fa0-a0bc-a02cf3223c74"
              }
            ],
            "spec": [
              {
                "allocate_load_balancer_node_ports": true,
                "cluster_ip": "10.108.132.195",
                "cluster_ips": [
                  "10.108.132.195"
                ],
                "external_ips": [],
                "external_name": "",
                "external_traffic_policy": "",
                "health_check_node_port": 0,
                "internal_traffic_policy": "Cluster",
                "ip_families": [
                  "IPv4"
                ],
                "ip_family_policy": "SingleStack",
                "load_balancer_class": "",
                "load_balancer_ip": "",
                "load_balancer_source_ranges": [],
                "port": [
                  {
                    "app_protocol": "",
                    "name": "",
                    "node_port": 0,
                    "port": 3306,
                    "protocol": "TCP",
                    "target_port": "3306"
                  }
                ],
                "publish_not_ready_addresses": false,
                "selector": {
                  "app": "mysql"
                },
                "session_affinity": "None",
                "session_affinity_config": [],
                "type": "ClusterIP"
              }
            ],
            "status": [
              {
                "load_balancer": [
                  {
                    "ingress": []
                  }
                ]
              }
            ],
            "timeouts": null,
            "wait_for_load_balancer": true
          },
          "sensitive_attributes": [],
          "private": "eyJlMmJmYjczMC1lY2FhLTExZTYtOGY4OC0zNDM2M2JjN2M0YzAiOnsiY3JlYXRlIjo2MDAwMDAwMDAwMDB9LCJzY2hlbWFfdmVyc2lvbiI6IjEifQ==",
          "dependencies": [
            "kubernetes_namespace.app_namespace"
          ]
        },
        {
          "index_key": "prod",
          "schema_version": 1,
          "attributes": {
            "id": "prod/mysql-service-prod",
            "metadata": [
              {
                "annotations": {},
                "generate_name": "",
                "generation": 0,
                "labels": {},
                "name": "mysql-service-prod",
                "namespace": "prod",
                "resource_version": "1803",
                "uid": "6674fcb4-ce45-441c-a453-c31257850c88"
              }
            ],
            "spec": [
              {
                "allocate_load_balancer_node_ports": true,
                "cluster_ip": "10.109.40.231",
                "cluster_ips": [
                  "10.109.40.231"
                ],
                "external_ips": [],
                "external_name": "",
                "external_traffic_policy": "",
                "health_check_node_port": 0,
                "internal_traffic_policy": "Cluster",
                "ip_families": [
                  "IPv4"
                ],
                "ip_family_policy": "SingleStack",
                "load_balancer_class": "",
                "load_balancer_ip": "",
                "load_balancer_source_ranges": [],
                "port": [
                  {
                    "app_protocol": "",
                    "name": "",
                    "node_port": 0,
                    "port": 3306,
                    "protocol": "TCP",
                    "target_port": "3306"
                  }
                ],
                "publish_not_ready_addresses": false,
                "selector": {
                  "app": "mysql"
                },
                "session_affinity": "None",
                "session_affinity_config": [],
                "type": "ClusterIP"
              }
            ],
            "status": [
              {
                "load_balancer": [
                  {
                    "ingress": []
                  }
                ]
              }
            ],
            "timeouts": null,
            "wait_for_load_balancer": true
          },
          "sensitive_attributes": [],
          "private": "eyJlMmJmYjczMC1lY2FhLTExZTYtOGY4OC0zNDM2M2JjN2M0YzAiOnsiY3JlYXRlIjo2MDAwMDAwMDAwMDB9LCJzY2hlbWFfdmVyc2lvbiI6IjEifQ==",
          "dependencies": [
            "kubernetes_namespace.app_namespace"
          ]
        },
        {
          "index_key": "staging",
          "schema_version": 1,
          "attributes": {
            "id": "staging/mysql-service-staging",
            "metadata": [
              {
                "annotations": {},
                "generate_name": "",
                "generation": 0,
                "labels": {},
                "name": "mysql-service-staging",
                "namespace": "staging",
                "resource_version": "1879",
                "uid": "c7fdbcc2-3067-4806-8f51-16da8699525e"
              }
            ],
            "spec": [
              {
                "allocate_load_balancer_node_ports": true,
                "cluster_ip": "10.96.218.222",
                "cluster_ips": [
                  "10.96.218.222"
                ],
                "external_ips": [],
                "external_name": "",
                "external_traffic_policy": "",
                "health_check_node_port": 0,
                "internal_traffic_policy": "Cluster",
                "ip_families": [
                  "IPv4"
                ],
                "ip_family_policy": "SingleStack",
                "load_balancer_class": "",
                "load_balancer_ip": "",
                "load_balancer_source_ranges": [],
                "port": [
                  {
                    "app_protocol": "",
                    "name": "",
                    "node_port": 0,
                    "port": 3306,
                    "protocol": "TCP",
                    "target_port": "3306"
                  }
                ],
                "publish_not_ready_addresses": false,
                "selector": {
                  "app": "mysql"
                },
                "session_affinity": "None",
                "session_affinity_config": [],
                "type": "ClusterIP"
              }
            ],
            "status": [
              {
                "load_balancer": [
                  {
                    "ingress": []
                  }
                ]
              }
            ],
            "timeouts": null,
            "wait_for_load_balancer": true
          },
          "sensitive_attributes": [],
          "private": "eyJlMmJmYjczMC1lY2FhLTExZTYtOGY4OC0zNDM2M2JjN2M0YzAiOnsiY3JlYXRlIjo2MDAwMDAwMDAwMDB9LCJzY2hlbWFfdmVyc2lvbiI6IjEifQ==",
          "dependencies": [
            "kubernetes_namespace.app_namespace"
          ]
        }
      ]
    },
    {
      "mode": "managed",
      "type": "kubernetes_service",
      "name": "wordpress_service",
      "provider": "provider[\"registry.terraform.io/hashicorp/kubernetes\"]",
      "instances": [
        {
          "index_key": "dev",
          "schema_version": 1,
          "attributes": {
            "id": "dev/wordpress-service-dev",
            "metadata": [
              {
                "annotations": {},
                "generate_name": "",
                "generation": 0,
                "labels": {},
                "name": "wordpress-service-dev",
                "namespace": "dev",
                "resource_version": "1839",
                "uid": "82983677-840f-4373-87a3-e301cd3e3211"
              }
            ],
            "spec": [
              {
                "allocate_load_balancer_node_ports": true,
                "cluster_ip": "10.98.103.200",
                "cluster_ips": [
                  "10.98.103.200"
                ],
                "external_ips": [],
                "external_name": "",
                "external_traffic_policy": "",
                "health_check_node_port": 0,
                "internal_traffic_policy": "Cluster",
                "ip_families": [
                  "IPv4"
                ],
                "ip_family_policy": "SingleStack",
                "load_balancer_class": "",
                "load_balancer_ip": "",
                "load_balancer_source_ranges": [],
                "port": [
                  {
                    "app_protocol": "",
                    "name": "",
                    "node_port": 0,
                    "port": 80,
                    "protocol": "TCP",
                    "target_port": "80"
                  }
                ],
                "publish_not_ready_addresses": false,
                "selector": {
                  "app": "wordpress"
                },
                "session_affinity": "None",
                "session_affinity_config": [],
                "type": "ClusterIP"
              }
            ],
            "status": [
              {
                "load_balancer": [
                  {
                    "ingress": []
                  }
                ]
              }
            ],
            "timeouts": null,
            "wait_for_load_balancer": true
          },
          "sensitive_attributes": [],
          "private": "eyJlMmJmYjczMC1lY2FhLTExZTYtOGY4OC0zNDM2M2JjN2M0YzAiOnsiY3JlYXRlIjo2MDAwMDAwMDAwMDB9LCJzY2hlbWFfdmVyc2lvbiI6IjEifQ==",
          "dependencies": [
            "kubernetes_namespace.app_namespace"
          ]
        },
        {
          "index_key": "prod",
          "schema_version": 1,
          "attributes": {
            "id": "prod/wordpress-service-prod",
            "metadata": [
              {
                "annotations": {},
                "generate_name": "",
                "generation": 0,
                "labels": {},
                "name": "wordpress-service-prod",
                "namespace": "prod",
                "resource_version": "1863",
                "uid": "b0d17b33-b1f9-4899-a2a6-6574e5bc3c9d"
              }
            ],
            "spec": [
              {
                "allocate_load_balancer_node_ports": true,
                "cluster_ip": "10.98.213.226",
                "cluster_ips": [
                  "10.98.213.226"
                ],
                "external_ips": [],
                "external_name": "",
                "external_traffic_policy": "",
                "health_check_node_port": 0,
                "internal_traffic_policy": "Cluster",
                "ip_families": [
                  "IPv4"
                ],
                "ip_family_policy": "SingleStack",
                "load_balancer_class": "",
                "load_balancer_ip": "",
                "load_balancer_source_ranges": [],
                "port": [
                  {
                    "app_protocol": "",
                    "name": "",
                    "node_port": 0,
                    "port": 80,
                    "protocol": "TCP",
                    "target_port": "80"
                  }
                ],
                "publish_not_ready_addresses": false,
                "selector": {
                  "app": "wordpress"
                },
                "session_affinity": "None",
                "session_affinity_config": [],
                "type": "ClusterIP"
              }
            ],
            "status": [
              {
                "load_balancer": [
                  {
                    "ingress": []
                  }
                ]
              }
            ],
            "timeouts": null,
            "wait_for_load_balancer": true
          },
          "sensitive_attributes": [],
          "private": "eyJlMmJmYjczMC1lY2FhLTExZTYtOGY4OC0zNDM2M2JjN2M0YzAiOnsiY3JlYXRlIjo2MDAwMDAwMDAwMDB9LCJzY2hlbWFfdmVyc2lvbiI6IjEifQ==",
          "dependencies": [
            "kubernetes_namespace.app_namespace"
          ]
        },
        {
          "index_key": "staging",
          "schema_version": 1,
          "attributes": {
            "id": "staging/wordpress-service-staging",
            "metadata": [
              {
                "annotations": {},
                "generate_name": "",
                "generation": 0,
                "labels": {},
                "name": "wordpress-service-staging",
                "namespace": "staging",
                "resource_version": "1823",
                "uid": "c24f5094-bb22-47da-a075-d780595f99bf"
              }
            ],
            "spec": [
              {
                "allocate_load_balancer_node_ports": true,
                "cluster_ip": "10.103.213.67",
                "cluster_ips": [
                  "10.103.213.67"
                ],
                "external_ips": [],
                "external_name": "",
                "external_traffic_policy": "",
                "health_check_node_port": 0,
                "internal_traffic_policy": "Cluster",
                "ip_families": [
                  "IPv4"
                ],
                "ip_family_policy": "SingleStack",
                "load_balancer_class": "",
                "load_balancer_ip": "",
                "load_balancer_source_ranges": [],
                "port": [
                  {
                    "app_protocol": "",
                    "name": "",
                    "node_port": 0,
                    "port": 80,
                    "protocol": "TCP",
                    "target_port": "80"
                  }
                ],
                "publish_not_ready_addresses": false,
                "selector": {
                  "app": "wordpress"
                },
                "session_affinity": "None",
                "session_affinity_config": [],
                "type": "ClusterIP"
              }
            ],
            "status": [
              {
                "load_balancer": [
                  {
                    "ingress": []
                  }
                ]
              }
            ],
            "timeouts": null,
            "wait_for_load_balancer": true
          },
          "sensitive_attributes": [],
          "private": "eyJlMmJmYjczMC1lY2FhLTExZTYtOGY4OC0zNDM2M2JjN2M0YzAiOnsiY3JlYXRlIjo2MDAwMDAwMDAwMDB9LCJzY2hlbWFfdmVyc2lvbiI6IjEifQ==",
          "dependencies": [
            "kubernetes_namespace.app_namespace"
          ]
        }
      ]
    },
    {
      "mode": "managed",
      "type": "minikube_cluster",
      "name": "minikube",
      "provider": "provider[\"registry.terraform.io/scott-the-programmer/minikube\"]",
      "instances": [
        {
          "schema_version": 0,
          "attributes": {
            "addons": [],
            "apiserver_ips": [],
            "apiserver_name": "minikubeCA",
            "apiserver_names": [],
            "apiserver_port": 8443,
            "auto_pause_interval": 1,
            "auto_update_drivers": true,
            "base_image": "gcr.io/k8s-minikube/kicbase:v0.0.44@sha256:eb04641328b06c5c4a14f4348470e1046bbcf9c2cbc551486e343d3a49db557e",
            "binary_mirror": null,
            "cache_images": true,
            "cert_expiration": 1576800,
            "client_certificate": "-----BEGIN CERTIFICATE-----\nMIIDITCCAgmgAwIBAgIBAjANBgkqhkiG9w0BAQsFADAVMRMwEQYDVQQDEwptaW5p\na3ViZUNBMB4XDTI1MDEyNjE2NTYyNloXDTI4MDEyNzE2NTYyNlowMTEXMBUGA1UE\nChMOc3lzdGVtOm1hc3RlcnMxFjAUBgNVBAMTDW1pbmlrdWJlLXVzZXIwggEiMA0G\nCSqGSIb3DQEBAQUAA4IBDwAwggEKAoIBAQDr0NFlc+spG4Tmtp9mlTrRypVhZ2Pj\nC5bFOPQ1RZH75azprJs090ud8msfGdV2yNP/lSjsg2mGkr3CvRSfEBTIGiDQGkkJ\n1CMlv4y1cGtTlSwevt6H8qoD27CVDDEnWwatv5hJg3kuvXgWt1EyG9S95ywALdNo\nP5GauCLLOzhCJsWo/zznaojagFaclQhUQnbq7chGLX9rihQ6b0r9L51zHeaG+spW\nK1GfRT7VDw+LzJ9h03FEbMHsLWVlCMTi3fskdc/KrrxngKC9bgXmPPv0RQhum9Bg\nx9r8Wm6WxL1E2vbBQHcB1or/ZQPp4nurWt0OPKvZywQYfrLPakLbMVEFAgMBAAGj\nYDBeMA4GA1UdDwEB/wQEAwIFoDAdBgNVHSUEFjAUBggrBgEFBQcDAQYIKwYBBQUH\nAwIwDAYDVR0TAQH/BAIwADAfBgNVHSMEGDAWgBSzsZS8oji4phXfoeXaKcEOiNBa\n3DANBgkqhkiG9w0BAQsFAAOCAQEAPdyeM0NnhdUI49GGW7eguGsHTmwajVEELc/r\nzn/6kzOhJU8LeSZr30HI+xWdLjxDD/cXS1DVI9lKPA2mtpKQvGi3EuFFjP79ijFJ\nPLRtXsT2sMwkdg2bhKnrU7bcT6vzM5NhVvr6YG3Bde4Kel3//tRNyfiEWbgZvG7M\nsWq3Km7raCp/ddvRqHx3FYx90/r2YGIxSA4qJAmdJqcayOqPB8jYW+9HarriCWQL\nsPEYots/ObYWiJki483Q96tJ0k8SMxXZsamKfJcUFgoN/Ku2uO9j0s5XdWYkUwWD\nInix4lwuNA+zyMTPTW9aEkQtVxnfwpMrPmsdsJXf1jE28s/rwg==\n-----END CERTIFICATE-----\n",
            "client_key": "-----BEGIN RSA PRIVATE KEY-----\nMIIEowIBAAKCAQEA69DRZXPrKRuE5rafZpU60cqVYWdj4wuWxTj0NUWR++Ws6ayb\nNPdLnfJrHxnVdsjT/5Uo7INphpK9wr0UnxAUyBog0BpJCdQjJb+MtXBrU5UsHr7e\nh/KqA9uwlQwxJ1sGrb+YSYN5Lr14FrdRMhvUvecsAC3TaD+Rmrgiyzs4QibFqP88\n52qI2oBWnJUIVEJ26u3IRi1/a4oUOm9K/S+dcx3mhvrKVitRn0U+1Q8Pi8yfYdNx\nRGzB7C1lZQjE4t37JHXPyq68Z4CgvW4F5jz79EUIbpvQYMfa/FpulsS9RNr2wUB3\nAdaK/2UD6eJ7q1rdDjyr2csEGH6yz2pC2zFRBQIDAQABAoIBADxzKzp2nLHM/CSo\na/RADPP6mpB9kH2DWwLztqZxTxrjpY/BT4gkXJ4AprUySiZJFQ9PjU4T4dk9hKeH\nEOI1nR4ulHrEQjTizJ/AmrFoQBsNAmJfS2xOKIcUqg+LMI6GJxAjLUarDUWODFrG\nY2oU+FQ2DnF9TdRLd2fSDBlM9P7/s2ui2cl02Yk0oK/Xfs48IU9fl18y0qkmTziD\nunzyo4yztmYRt2RObU7gvYI23mS7jujIKZFXbnGr9IDQo3SKRcjR6AieREtId8pZ\nNHzrv90F3uRlH61xgVTGhidv7j2BK3Bp4vUYybA4AF2s4pCpCsLLqvCtP25A9Fsw\nQJ4GKAECgYEA8FKnMweCtIUmQu1D1B4agUNc2QXqIoi/33l147b7BWWklrHVK8Fb\nwzl7ePDQ+OZlIAZeSuYG+lakNlrcFTrCHaE8bVia2qhKRAYEByDGfrBDU9Md3gUB\nutv1IamnSw/6i38u20GS1FADAG8/U57Dgg8kAqwBt+5oExoBmd4kbtECgYEA+zLl\nXY6835QJ9OWP4jRIZKgKP7oDNmzkp1y5PFp8RDE0Bc8r/0gqePvCwfISrlzXWb6U\nkMTISC1FT4QAP2zl03gisn+ijrTHI2DYs9QWejTNl65yq17s6O4NHmPB7lg87ijg\nEE62z2qaUx5GgVIk1bIyyHEyYLaETGJxgExt0/UCgYB3G2/UobdNAuTYrME+QwE9\n6YX95amKHh6Cgq9EAe9dWGf/a/nL6tQw6K9iXHAlvAKIob9f/audrQ1MBzImr21/\nw+awBwcQsfHEzvp2Ee9u4Kstw2d9HxwhYVyXp37LfArf0lQFxPUhlto1/+zx47Dg\nJ+LgFCHx6A3a0bvTZ77E0QKBgQDwgEgtjO20Oa5WtDtP3bK5/FDjtppAz30T56jJ\n6fAz8c/XCAUdwuA3OQO8YKIWInlkSR1Ahccjo4RKnx0FnKNmFg1STPU8IETQ0HZp\npdNnaYq1gKX1AUtdsB0LTYNtSTn841GzC0nnyC69Ca2DPzxZBOWuFwKeqeB8qXv1\n1DcKyQKBgE+Kh4z3ftjJx5un+6sRCocB8zbGl+aL923Nbn1qr/zUX6Ils6EkPM9j\nBBWjWSrNnus333o5ko4hDpgG7RKUKY+hGeWqwnGjOOYgLAO6hAgRG30cowZ9Irn6\nk3LVP2YnxRgQ4yzt2eNb/omJAUpWd8RF0s7LRy1p6QJIlhU7szgF\n-----END RSA PRIVATE KEY-----\n",
            "cluster_ca_certificate": "-----BEGIN CERTIFICATE-----\nMIIDBjCCAe6gAwIBAgIBATANBgkqhkiG9w0BAQsFADAVMRMwEQYDVQQDEwptaW5p\na3ViZUNBMB4XDTI1MDExODIxMzQ0MVoXDTM1MDExNzIxMzQ0MVowFTETMBEGA1UE\nAxMKbWluaWt1YmVDQTCCASIwDQYJKoZIhvcNAQEBBQADggEPADCCAQoCggEBANMh\naBE9WNN0TsVeiX+8HiApNjwz9vio9gcg/OcZQdD7T3kL0vgyxf7rzZImynnjG5/p\nrS97LmOOtZGkBaqD9O5syfx73GGut7gCnSWRlY5y2w3XVivbK/YGnQoo3GFx0mJC\ncL4YU8mNAMCq31QTqgPfnR8qKC4sQEMmjJa4tKeqxsZFWvDDwKQaT7DvQIxKIUPV\nZWAbXrS+J0wrMFoyB1Tz7jiNHQhEMpp0KBJ/jrKIAxGSg8qHX6rBp+IhyTxHfwB4\ngvpqrNNRWLHZwdhveUNVGkh3kg/DTAl8SYDhZE2a6nt1XcVbbowyZQjOyNLCbOiy\nBaGigwrEeeilUY20lgkCAwEAAaNhMF8wDgYDVR0PAQH/BAQDAgKkMB0GA1UdJQQW\nMBQGCCsGAQUFBwMCBggrBgEFBQcDATAPBgNVHRMBAf8EBTADAQH/MB0GA1UdDgQW\nBBSzsZS8oji4phXfoeXaKcEOiNBa3DANBgkqhkiG9w0BAQsFAAOCAQEAaDv8yjWm\n2tC//wdLkbbCYx5osFj9+scUxIa6uSogovwS39UwYmMvt8scmBrAnjYEeCx0Yw4p\niI+t4IZEU34Yt68YQI85iIttV15DWjfqEx5ed6O8iadJUJqQ7sk+nGr/6m3ZDtdr\nsbd0V1njZcHam65KZAUf77VMoQr9gu7yF+y3ovPNtdqDBRn2wqdyinDmJCDb9Mtf\n8do+F+B54ir1r6DJxakNxv72f6CnY8dOtRURaIjiqrcPMpt+hdgd3Bm3kTN0BxtR\nfP9vcZFAme4m9MmmVddpcA80GWDq+2Z6KFBM8CvRCThM4xLzrbjU8qyHqSCgBMcn\nw3tUVq+67txjjA==\n-----END CERTIFICATE-----\n",
            "cluster_name": "tpc-cluster",
            "cni": "",
            "container_runtime": "docker",
            "cpus": 2,
            "cri_socket": "",
            "delete_on_failure": false,
            "disable_driver_mounts": false,
            "disable_metrics": false,
            "disable_optimizations": false,
            "disk_size": "20000mb",
            "dns_domain": "cluster.local",
            "dns_proxy": false,
            "docker_env": null,
            "docker_opt": null,
            "download_only": false,
            "driver": "docker",
            "dry_run": false,
            "embed_certs": false,
            "enable_default_cni": false,
            "extra_config": [],
            "extra_disks": 0,
            "feature_gates": "",
            "force": false,
            "force_systemd": false,
            "gpus": null,
            "ha": false,
            "host": "https://192.168.58.2:8443",
            "host_dns_resolver": true,
            "host_only_cidr": "192.168.59.1/24",
            "host_only_nic_type": "virtio",
            "hyperkit_vpnkit_sock": "",
            "hyperkit_vsock_ports": [],
            "hyperv_external_adapter": "",
            "hyperv_use_external_switch": false,
            "hyperv_virtual_switch": "",
            "id": "tpc-cluster",
            "image_mirror_country": null,
            "image_repository": "",
            "insecure_registry": [],
            "install_addons": true,
            "interactive": true,
            "iso_url": [
              "https://github.com/kubernetes/minikube/releases/download/v1.33.0/minikube-v1.33.0-amd64.iso"
            ],
            "keep_context": false,
            "kubernetes_version": null,
            "kvm_gpu": false,
            "kvm_hidden": false,
            "kvm_network": "default",
            "kvm_numa_count": 1,
            "kvm_qemu_uri": "qemu:///system",
            "listen_address": "",
            "memory": "4096mb",
            "mount": false,
            "mount_9p_version": "9p2000.L",
            "mount_gid": "docker",
            "mount_ip": null,
            "mount_msize": 262144,
            "mount_options": null,
            "mount_port": 0,
            "mount_string": "/home:/minikube-host",
            "mount_type": "9p",
            "mount_uid": "docker",
            "namespace": "default",
            "nat_nic_type": "virtio",
            "native_ssh": true,
            "network": "",
            "network_plugin": null,
            "nfs_share": [],
            "nfs_shares_root": "/nfsshares",
            "no_kubernetes": false,
            "no_vtx_check": false,
            "nodes": 1,
            "output": "text",
            "ports": [],
            "preload": true,
            "qemu_firmware_path": null,
            "registry_mirror": [],
            "service_cluster_ip_range": "10.96.0.0/12",
            "socket_vmnet_client_path": "/usr/local/opt/socket_vmnet/bin/socket_vmnet_client",
            "socket_vmnet_path": "/usr/local/var/run/socket_vmnet",
            "ssh_ip_address": "",
            "ssh_key": "",
            "ssh_port": 22,
            "ssh_user": "root",
            "static_ip": null,
            "subnet": null,
            "trace": null,
            "uuid": "",
            "vm": false,
            "vm_driver": null,
            "wait": null,
            "wait_timeout": 6
          },
          "sensitive_attributes": [
            [
              {
                "type": "get_attr",
                "value": "client_key"
              }
            ],
            [
              {
                "type": "get_attr",
                "value": "client_certificate"
              }
            ],
            [
              {
                "type": "get_attr",
                "value": "cluster_ca_certificate"
              }
            ]
          ],
          "private": "bnVsbA=="
        }
      ]
    }
  ],
  "check_results": null
}
