{
  "version": 4,
  "terraform_version": "1.10.4",
  "serial": 23,
  "lineage": "671e8fb1-db24-291e-d90c-330c16f37677",
  "outputs": {
    "ingress_url": {
      "value": "https://local.local",
      "type": "string"
    },
    "namespace": {
      "value": "netflix-prod",
      "type": "string"
    },
    "odoo_url": {
      "value": "http://odoo-service.dev.svc.cluster.local:8069",
      "type": "string"
    },
    "postgres_service_name": {
      "value": "postgres-service",
      "type": "string"
    }
  },
  "resources": [
    {
      "mode": "managed",
      "type": "kubernetes_namespace",
      "name": "client_namespace",
      "provider": "provider[\"registry.terraform.io/hashicorp/kubernetes\"]",
      "instances": [
        {
          "schema_version": 0,
          "attributes": {
            "id": "netflix-prod",
            "metadata": [
              {
                "annotations": {},
                "generate_name": "",
                "generation": 0,
                "labels": {},
                "name": "netflix-prod",
                "resource_version": "289",
                "uid": "c62a012b-17ef-4049-a972-b8e1a343df39"
              }
            ],
            "timeouts": null,
            "wait_for_default_service_account": false
          },
          "sensitive_attributes": [],
          "private": "eyJlMmJmYjczMC1lY2FhLTExZTYtOGY4OC0zNDM2M2JjN2M0YzAiOnsiZGVsZXRlIjozMDAwMDAwMDAwMDB9fQ==",
          "dependencies": [
            "minikube_cluster.my-cluster"
          ]
        }
      ]
    },
    {
      "mode": "managed",
      "type": "minikube_cluster",
      "name": "my-cluster",
      "provider": "provider[\"registry.terraform.io/scott-the-programmer/minikube\"]",
      "instances": [
        {
          "schema_version": 0,
          "attributes": {
            "addons": [],
            "apiserver_ips": [],
            "apiserver_name": "minikubeCA",
            "apiserver_names": [],
            "apiserver_port": 8443,
            "auto_pause_interval": 1,
            "auto_update_drivers": true,
            "base_image": "gcr.io/k8s-minikube/kicbase:v0.0.44@sha256:eb04641328b06c5c4a14f4348470e1046bbcf9c2cbc551486e343d3a49db557e",
            "binary_mirror": null,
            "cache_images": true,
            "cert_expiration": 1576800,
            "client_certificate": "-----BEGIN CERTIFICATE-----\nMIIDITCCAgmgAwIBAgIBAjANBgkqhkiG9w0BAQsFADAVMRMwEQYDVQQDEwptaW5p\na3ViZUNBMB4XDTI1MDEyNzIxMjYyOFoXDTI4MDEyODIxMjYyOFowMTEXMBUGA1UE\nChMOc3lzdGVtOm1hc3RlcnMxFjAUBgNVBAMTDW1pbmlrdWJlLXVzZXIwggEiMA0G\nCSqGSIb3DQEBAQUAA4IBDwAwggEKAoIBAQDFPCzSWEwjPniBxRDqDcFiY97rY/Re\nC7xXNAdK+pPT78xMCTnY6PRWGaow4nlZS4XXZEeuj57YqdrbWLxl6bo+WJdVnh3l\nrFxh4dbf2gQVHDRVP/Bo3t8JHpohDXu389QcGquKXPnxOnhi9e8FBLBijTG8avCt\ny1xqfGefezI2a7le55wzcRkycXGMoKyqBy2szbRaB3fwUvp70WLbPK2lfweBMM+X\nkNWREPIBj11P5WYi1Tugn+dsfCkauuI96Am1XX7QN3fDAj5IoOGgkMw+db7A9EP0\nTluMlbVmC2G/cqEfYh45f25pdY/VihSUTUYkyH2f7sTHhBFy54ezKMSdAgMBAAGj\nYDBeMA4GA1UdDwEB/wQEAwIFoDAdBgNVHSUEFjAUBggrBgEFBQcDAQYIKwYBBQUH\nAwIwDAYDVR0TAQH/BAIwADAfBgNVHSMEGDAWgBTcBIwLEj1uYR8hhHLU1f/w7jVO\nejANBgkqhkiG9w0BAQsFAAOCAQEA6H981iUXAAea+6cjUA4swQmD6CjhgaIhgmGg\nViy7mdvAs5V6R2N8c4+WHS8wNCOexFWOKvS6FHHtc7R9y/6ehp7QICDbde0Xmx95\nqbEXybzGY3H1iPuqSq3UBUXJsaQop5izONlmQ75/Y4T9cGxa9FJcDKyVki1jYesr\nlq7Bz2yZprKHXjCgpdxzAJSmCF3fGIYJzAp+7h+/jZWWbBOMYUx4BLc0ZHp1hckU\nE1mN+LRsFxVwfL8IGJToWdjZkXN6lT2yFAcUUkZpC/BcR9inMhWlZLZmEet9F2iE\nVfnVL9onOvCZIvbQB2joqBWRytAV3oRmPAV1L0HaoAMRDZIYHA==\n-----END CERTIFICATE-----\n",
            "client_key": "-----BEGIN RSA PRIVATE KEY-----\nMIIEowIBAAKCAQEAxTws0lhMIz54gcUQ6g3BYmPe62P0Xgu8VzQHSvqT0+/MTAk5\n2Oj0VhmqMOJ5WUuF12RHro+e2Kna21i8Zem6PliXVZ4d5axcYeHW39oEFRw0VT/w\naN7fCR6aIQ17t/PUHBqrilz58Tp4YvXvBQSwYo0xvGrwrctcanxnn3syNmu5Xuec\nM3EZMnFxjKCsqgctrM20Wgd38FL6e9Fi2zytpX8HgTDPl5DVkRDyAY9dT+VmItU7\noJ/nbHwpGrriPegJtV1+0Dd3wwI+SKDhoJDMPnW+wPRD9E5bjJW1Zgthv3KhH2Ie\nOX9uaXWP1YoUlE1GJMh9n+7Ex4QRcueHsyjEnQIDAQABAoIBAQCA0EYtsoE3W2t0\nxXHAiu9MBRHoBkXozh1Zjp9ctr6pYim5VyUypyI8wVJHzwGV8h8dh17RgPcrZfOL\n4i5ZGQcMBOwBfNzlzWYgf1DIriiQaPU84B9xPm3IFPZws8+jWlmjaT+zg/mxNJC/\ngQNz8ZYJJ1HeTrGVsAVRfqJmpB0tMJMn3pW/ELwVUhfqduTtkHu5eLT8JMD6JhhR\n7zkRlC9BjR769Bx+x5x3BywmVeQDFx/UZR8g+bFYaEV00yswcGrCNndmmjRc5mK1\nOOpfDqVCHH/KQFok+woeEoo24wXXzqoV8S04LnzZpyGqidtYKC0wGONTTrrOVEj2\nUVYxNHi5AoGBAM4DU+GmWcWw01j9hAOXNh0P2BcEl1onKwbldJeuh3ydJoRsNGE7\nLd9kLzwNjyRW4jihdYmVPDmrNKWfZD+9h5C9sR8eopvK1FVRIgXI7+fQX+i3UDOA\nog2Qvb1dnroG7jR0YmCtAb+iJhXlPnpnvNrASsTBV6K7eh4+CMghWR3DAoGBAPUX\nmSZa9IuuCBimwY+goWBdS3aq0x6eIlOYOzXMtGvElBR01+0bA2a49aT7XoeCfEzQ\nHUXlGxpesLuQuQvp2UIbD84DapFOwZiPZ2ph4T8Mz7DwVxwnnHjloEu1/5rL+fz8\nj4qVEcpvGjOOThQ/LhJGCQYVWjKVj2QZz2Xf9I4fAoGAQO5rkcOMp/KDqpi88yTF\nuYM06IxZ5+BQf2vyw5wOuAgQC8zO9ZZhbvd0q8jaROndg1vgX+zZfpOnlEwYnL5v\n6/7dxKEzP0c+hWV9A7XBZ58Vm5Org5AXg48LPpQzYw6sJXxJRY9B7dR9jIkkmA/6\nRjg1WK5XoMLWSpHi0rEwFWECgYBlA7PgZg5yX2kA2AHg84BvmiQXJbLb5KsbLxwA\nQX1/CUdK4xl3pPGS7dp4hA3i5fnbIs9d1l6EUNCgjbZm3ZvorgSmkSvj9cS+3yPt\naagPd3VGZNhSR1UrUuDtM3bE0xsWlPWIVYY+m+n9o8I0gBG6AFmJw1UokhHGXQjo\n4RQHWwKBgCTLH4z1Wq0k4RvAJXeMzmp+egAYyVGxNZ1sEn6zFQfQZ5wx16MuembO\nAoGhIICkxiszhCyHa63uAhErt4jbvtr3QotqrujnVsAbVBHSYRadulTUoegl1Dpa\n0IvmyFpRJ5toP8cBevNu8baqu3RZ6sqYaTyH9CmedgGJEfyhX789\n-----END RSA PRIVATE KEY-----\n",
            "cluster_ca_certificate": "-----BEGIN CERTIFICATE-----\nMIIDBjCCAe6gAwIBAgIBATANBgkqhkiG9w0BAQsFADAVMRMwEQYDVQQDEwptaW5p\na3ViZUNBMB4XDTI1MDEyNzIxMjI1OFoXDTM1MDEyNjIxMjI1OFowFTETMBEGA1UE\nAxMKbWluaWt1YmVDQTCCASIwDQYJKoZIhvcNAQEBBQADggEPADCCAQoCggEBAPF9\nbn9VtD3XRnQ7HABrh/oEAgzroP9EkcSMKCB9lI9f+S8zMWAO+N8nAD7332a3m0uF\nvNWkn3lnx3608XQlcUcuCjXvF+dGdhqQsXfQ1TMSwpynlq8cKIrNMsSxTo5b5TRE\nedcEd9sdPIIyTnOMaXer4z4yX6ezW9NPlyhzF6um1Zr+MAFaHgDFV3JIkSmYOzgK\nNaRNvabioL2tQ+hCbflK0w81fGTJou/c4PL1b6NmxsUBmVltdtip/ml5jZird6U3\noRbnFkJRKoecsEYPtC5eZnmq5ZJTFH0cISttp7q8nSDexcwNFFMPVZqFijoUobiS\npieEZeQg9MIMzpDYV/UCAwEAAaNhMF8wDgYDVR0PAQH/BAQDAgKkMB0GA1UdJQQW\nMBQGCCsGAQUFBwMCBggrBgEFBQcDATAPBgNVHRMBAf8EBTADAQH/MB0GA1UdDgQW\nBBTcBIwLEj1uYR8hhHLU1f/w7jVOejANBgkqhkiG9w0BAQsFAAOCAQEAAdmqbaSG\n8x2m+WkSTpN46MZsUn4Jr3BAxF7HrLrjXFiPDy8PB8IqUhPDTBT86ff70EVEvpMe\nZyoQElpFpCmhX6Xi8USoK5tMpuDnij2rTw//xLeioxynvQh4pMcJLg4nnnQ6urTv\nFZrW4hwP5VG/G5N9i+nzXqvyNdZVEf61YaC7IYMCwUJPrCeyQ8uFjTQP79c30rk8\nkfBDri4UkZKa7CwJqZjeR58/11KzAup8u8CzFhiIhWEd9whopKnZBdSxQT/mksxy\nML4eNE4v6MFLS+bl5NWeRJr8dfLCNJUXMrmLcb94xeATBbsrzjAMOvbqsnrlVhb4\nosMSPTaxkKHZaw==\n-----END CERTIFICATE-----\n",
            "cluster_name": "netflix-cluster",
            "cni": "",
            "container_runtime": "docker",
            "cpus": 2,
            "cri_socket": "",
            "delete_on_failure": false,
            "disable_driver_mounts": false,
            "disable_metrics": false,
            "disable_optimizations": false,
            "disk_size": "20000mb",
            "dns_domain": "cluster.local",
            "dns_proxy": false,
            "docker_env": null,
            "docker_opt": null,
            "download_only": false,
            "driver": "docker",
            "dry_run": false,
            "embed_certs": false,
            "enable_default_cni": false,
            "extra_config": [],
            "extra_disks": 0,
            "feature_gates": "",
            "force": false,
            "force_systemd": false,
            "gpus": null,
            "ha": false,
            "host": "https://192.168.58.2:8443",
            "host_dns_resolver": true,
            "host_only_cidr": "192.168.59.1/24",
            "host_only_nic_type": "virtio",
            "hyperkit_vpnkit_sock": "",
            "hyperkit_vsock_ports": [],
            "hyperv_external_adapter": "",
            "hyperv_use_external_switch": false,
            "hyperv_virtual_switch": "",
            "id": "netflix-cluster",
            "image_mirror_country": null,
            "image_repository": "",
            "insecure_registry": [],
            "install_addons": true,
            "interactive": true,
            "iso_url": [
              "https://github.com/kubernetes/minikube/releases/download/v1.33.0/minikube-v1.33.0-amd64.iso"
            ],
            "keep_context": false,
            "kubernetes_version": null,
            "kvm_gpu": false,
            "kvm_hidden": false,
            "kvm_network": "default",
            "kvm_numa_count": 1,
            "kvm_qemu_uri": "qemu:///system",
            "listen_address": "",
            "memory": "4096mb",
            "mount": false,
            "mount_9p_version": "9p2000.L",
            "mount_gid": "docker",
            "mount_ip": null,
            "mount_msize": 262144,
            "mount_options": null,
            "mount_port": 0,
            "mount_string": "/home:/minikube-host",
            "mount_type": "9p",
            "mount_uid": "docker",
            "namespace": "default",
            "nat_nic_type": "virtio",
            "native_ssh": true,
            "network": "",
            "network_plugin": null,
            "nfs_share": [],
            "nfs_shares_root": "/nfsshares",
            "no_kubernetes": false,
            "no_vtx_check": false,
            "nodes": 1,
            "output": "text",
            "ports": [],
            "preload": true,
            "qemu_firmware_path": null,
            "registry_mirror": [],
            "service_cluster_ip_range": "10.96.0.0/12",
            "socket_vmnet_client_path": "/usr/local/opt/socket_vmnet/bin/socket_vmnet_client",
            "socket_vmnet_path": "/usr/local/var/run/socket_vmnet",
            "ssh_ip_address": "",
            "ssh_key": "",
            "ssh_port": 22,
            "ssh_user": "root",
            "static_ip": null,
            "subnet": null,
            "trace": null,
            "uuid": "",
            "vm": false,
            "vm_driver": null,
            "wait": null,
            "wait_timeout": 6
          },
          "sensitive_attributes": [
            [
              {
                "type": "get_attr",
                "value": "client_key"
              }
            ],
            [
              {
                "type": "get_attr",
                "value": "client_certificate"
              }
            ],
            [
              {
                "type": "get_attr",
                "value": "cluster_ca_certificate"
              }
            ]
          ],
          "private": "bnVsbA=="
        }
      ]
    },
    {
      "module": "module.ingress",
      "mode": "managed",
      "type": "kubernetes_ingress_v1",
      "name": "odoo_ingress",
      "provider": "provider[\"registry.terraform.io/hashicorp/kubernetes\"]",
      "instances": [
        {
          "schema_version": 0,
          "attributes": {
            "id": "netflix-prod/odoo-ingress",
            "metadata": [
              {
                "annotations": {
                  "nginx.ingress.kubernetes.io/ssl-redirect": "true"
                },
                "generate_name": "",
                "generation": 1,
                "labels": {},
                "name": "odoo-ingress",
                "namespace": "netflix-prod",
                "resource_version": "297",
                "uid": "8544cf22-98be-46fe-9952-a50c7241455c"
              }
            ],
            "spec": [
              {
                "default_backend": [],
                "ingress_class_name": "",
                "rule": [
                  {
                    "host": "local.local",
                    "http": [
                      {
                        "path": [
                          {
                            "backend": [
                              {
                                "resource": [],
                                "service": [
                                  {
                                    "name": "odoo-service",
                                    "port": [
                                      {
                                        "name": "",
                                        "number": 80
                                      }
                                    ]
                                  }
                                ]
                              }
                            ],
                            "path": "/",
                            "path_type": "Prefix"
                          }
                        ]
                      }
                    ]
                  }
                ],
                "tls": []
              }
            ],
            "status": [
              {
                "load_balancer": [
                  {
                    "ingress": []
                  }
                ]
              }
            ],
            "timeouts": null,
            "wait_for_load_balancer": null
          },
          "sensitive_attributes": [],
          "private": "eyJlMmJmYjczMC1lY2FhLTExZTYtOGY4OC0zNDM2M2JjN2M0YzAiOnsiY3JlYXRlIjoxMjAwMDAwMDAwMDAwLCJkZWxldGUiOjEyMDAwMDAwMDAwMDB9fQ==",
          "dependencies": [
            "kubernetes_namespace.client_namespace",
            "minikube_cluster.my-cluster"
          ]
        }
      ]
    },
    {
      "module": "module.kubernetes_cluster",
      "mode": "managed",
      "type": "kubernetes_role",
      "name": "odoo_role",
      "provider": "provider[\"registry.terraform.io/hashicorp/kubernetes\"]",
      "instances": [
        {
          "schema_version": 0,
          "attributes": {
            "id": "netflix-prod/odoo-role",
            "metadata": [
              {
                "annotations": {},
                "generate_name": "",
                "generation": 0,
                "labels": {},
                "name": "odoo-role",
                "namespace": "netflix-prod",
                "resource_version": "296",
                "uid": "1fad9e9f-2697-405b-bd8f-2ff830e6d142"
              }
            ],
            "rule": [
              {
                "api_groups": [
                  ""
                ],
                "resource_names": [],
                "resources": [
                  "configmaps",
                  "pods",
                  "services"
                ],
                "verbs": [
                  "create",
                  "delete",
                  "get",
                  "list",
                  "update",
                  "watch"
                ]
              }
            ]
          },
          "sensitive_attributes": [],
          "private": "bnVsbA==",
          "dependencies": [
            "kubernetes_namespace.client_namespace",
            "minikube_cluster.my-cluster"
          ]
        }
      ]
    },
    {
      "module": "module.kubernetes_cluster",
      "mode": "managed",
      "type": "kubernetes_role_binding",
      "name": "odoo_role_binding",
      "provider": "provider[\"registry.terraform.io/hashicorp/kubernetes\"]",
      "instances": [
        {
          "schema_version": 0,
          "attributes": {
            "id": "netflix-prod/odoo-role-binding",
            "metadata": [
              {
                "annotations": {},
                "generate_name": "",
                "generation": 0,
                "labels": {},
                "name": "odoo-role-binding",
                "namespace": "netflix-prod",
                "resource_version": "299",
                "uid": "7cc9e6c9-6d6b-4407-a058-643ce7582364"
              }
            ],
            "role_ref": [
              {
                "api_group": "rbac.authorization.k8s.io",
                "kind": "Role",
                "name": "odoo-role"
              }
            ],
            "subject": [
              {
                "api_group": "",
                "kind": "ServiceAccount",
                "name": "default",
                "namespace": "netflix-prod"
              }
            ]
          },
          "sensitive_attributes": [],
          "private": "bnVsbA==",
          "dependencies": [
            "kubernetes_namespace.client_namespace",
            "minikube_cluster.my-cluster",
            "module.kubernetes_cluster.kubernetes_role.odoo_role"
          ]
        }
      ]
    },
    {
      "module": "module.odoo_deployment",
      "mode": "managed",
      "type": "kubernetes_deployment",
      "name": "odoo",
      "provider": "provider[\"registry.terraform.io/hashicorp/kubernetes\"]",
      "instances": [
        {
          "schema_version": 1,
          "attributes": {
            "id": "netflix-prod/odoo",
            "metadata": [
              {
                "annotations": {},
                "generate_name": "",
                "generation": 1,
                "labels": {},
                "name": "odoo",
                "namespace": "netflix-prod",
                "resource_version": "494",
                "uid": "373cee01-2e3b-4f5a-bb72-f7886e423e68"
              }
            ],
            "spec": [
              {
                "min_ready_seconds": 0,
                "paused": false,
                "progress_deadline_seconds": 600,
                "replicas": "1",
                "revision_history_limit": 10,
                "selector": [
                  {
                    "match_expressions": [],
                    "match_labels": {
                      "app": "odoo"
                    }
                  }
                ],
                "strategy": [
                  {
                    "rolling_update": [
                      {
                        "max_surge": "25%",
                        "max_unavailable": "25%"
                      }
                    ],
                    "type": "RollingUpdate"
                  }
                ],
                "template": [
                  {
                    "metadata": [
                      {
                        "annotations": {},
                        "generate_name": "",
                        "generation": 0,
                        "labels": {
                          "app": "odoo"
                        },
                        "name": "",
                        "namespace": "",
                        "resource_version": "",
                        "uid": ""
                      }
                    ],
                    "spec": [
                      {
                        "active_deadline_seconds": 0,
                        "affinity": [],
                        "automount_service_account_token": true,
                        "container": [
                          {
                            "args": [],
                            "command": [
                              "/bin/bash",
                              "-c",
                              "odoo -i base --xmlrpc-port=8069"
                            ],
                            "env": [
                              {
                                "name": "HOST",
                                "value": "postgres-service",
                                "value_from": []
                              },
                              {
                                "name": "USER",
                                "value": "odoo",
                                "value_from": []
                              },
                              {
                                "name": "PASSWORD",
                                "value": "odoo",
                                "value_from": []
                              },
                              {
                                "name": "DB_NAME",
                                "value": "odoo",
                                "value_from": []
                              }
                            ],
                            "env_from": [],
                            "image": "odoo:latest",
                            "image_pull_policy": "Always",
                            "lifecycle": [],
                            "liveness_probe": [],
                            "name": "odoo",
                            "port": [
                              {
                                "container_port": 8069,
                                "host_ip": "",
                                "host_port": 0,
                                "name": "",
                                "protocol": "TCP"
                              }
                            ],
                            "readiness_probe": [],
                            "resources": [
                              {
                                "limits": {},
                                "requests": {}
                              }
                            ],
                            "security_context": [],
                            "startup_probe": [],
                            "stdin": false,
                            "stdin_once": false,
                            "termination_message_path": "/dev/termination-log",
                            "termination_message_policy": "File",
                            "tty": false,
                            "volume_device": [],
                            "volume_mount": [],
                            "working_dir": ""
                          }
                        ],
                        "dns_config": [],
                        "dns_policy": "ClusterFirst",
                        "enable_service_links": true,
                        "host_aliases": [],
                        "host_ipc": false,
                        "host_network": false,
                        "host_pid": false,
                        "hostname": "",
                        "image_pull_secrets": [],
                        "init_container": [],
                        "node_name": "",
                        "node_selector": {},
                        "os": [],
                        "priority_class_name": "",
                        "readiness_gate": [],
                        "restart_policy": "Always",
                        "runtime_class_name": "",
                        "scheduler_name": "default-scheduler",
                        "security_context": [],
                        "service_account_name": "",
                        "share_process_namespace": false,
                        "subdomain": "",
                        "termination_grace_period_seconds": 30,
                        "toleration": [],
                        "topology_spread_constraint": [],
                        "volume": []
                      }
                    ]
                  }
                ]
              }
            ],
            "timeouts": null,
            "wait_for_rollout": true
          },
          "sensitive_attributes": [],
          "private": "eyJlMmJmYjczMC1lY2FhLTExZTYtOGY4OC0zNDM2M2JjN2M0YzAiOnsiY3JlYXRlIjo2MDAwMDAwMDAwMDAsImRlbGV0ZSI6NjAwMDAwMDAwMDAwLCJ1cGRhdGUiOjYwMDAwMDAwMDAwMH0sInNjaGVtYV92ZXJzaW9uIjoiMSJ9",
          "dependencies": [
            "kubernetes_namespace.client_namespace",
            "minikube_cluster.my-cluster"
          ]
        }
      ]
    },
    {
      "module": "module.odoo_deployment",
      "mode": "managed",
      "type": "kubernetes_service",
      "name": "odoo",
      "provider": "provider[\"registry.terraform.io/hashicorp/kubernetes\"]",
      "instances": [
        {
          "schema_version": 1,
          "attributes": {
            "id": "netflix-prod/odoo-service",
            "metadata": [
              {
                "annotations": {},
                "generate_name": "",
                "generation": 0,
                "labels": {},
                "name": "odoo-service",
                "namespace": "netflix-prod",
                "resource_version": "295",
                "uid": "90fa5e3d-4539-4230-abd0-b4bbac1b61f9"
              }
            ],
            "spec": [
              {
                "allocate_load_balancer_node_ports": true,
                "cluster_ip": "10.106.110.117",
                "cluster_ips": [
                  "10.106.110.117"
                ],
                "external_ips": [],
                "external_name": "",
                "external_traffic_policy": "",
                "health_check_node_port": 0,
                "internal_traffic_policy": "Cluster",
                "ip_families": [
                  "IPv4"
                ],
                "ip_family_policy": "SingleStack",
                "load_balancer_class": "",
                "load_balancer_ip": "",
                "load_balancer_source_ranges": [],
                "port": [
                  {
                    "app_protocol": "",
                    "name": "",
                    "node_port": 0,
                    "port": 80,
                    "protocol": "TCP",
                    "target_port": "8069"
                  }
                ],
                "publish_not_ready_addresses": false,
                "selector": {
                  "app": "odoo"
                },
                "session_affinity": "None",
                "session_affinity_config": [],
                "type": "ClusterIP"
              }
            ],
            "status": [
              {
                "load_balancer": [
                  {
                    "ingress": []
                  }
                ]
              }
            ],
            "timeouts": null,
            "wait_for_load_balancer": true
          },
          "sensitive_attributes": [],
          "private": "eyJlMmJmYjczMC1lY2FhLTExZTYtOGY4OC0zNDM2M2JjN2M0YzAiOnsiY3JlYXRlIjo2MDAwMDAwMDAwMDB9LCJzY2hlbWFfdmVyc2lvbiI6IjEifQ==",
          "dependencies": [
            "kubernetes_namespace.client_namespace",
            "minikube_cluster.my-cluster"
          ]
        }
      ]
    },
    {
      "module": "module.postgresql",
      "mode": "managed",
      "type": "kubernetes_deployment",
      "name": "postgres",
      "provider": "provider[\"registry.terraform.io/hashicorp/kubernetes\"]",
      "instances": [
        {
          "schema_version": 1,
          "attributes": {
            "id": "netflix-prod/postgres",
            "metadata": [
              {
                "annotations": {},
                "generate_name": "",
                "generation": 1,
                "labels": {},
                "name": "postgres",
                "namespace": "netflix-prod",
                "resource_version": "527",
                "uid": "21c95f0b-6064-4a7f-adb3-d3951ba6fb8d"
              }
            ],
            "spec": [
              {
                "min_ready_seconds": 0,
                "paused": false,
                "progress_deadline_seconds": 600,
                "replicas": "1",
                "revision_history_limit": 10,
                "selector": [
                  {
                    "match_expressions": [],
                    "match_labels": {
                      "app": "postgres"
                    }
                  }
                ],
                "strategy": [
                  {
                    "rolling_update": [
                      {
                        "max_surge": "25%",
                        "max_unavailable": "25%"
                      }
                    ],
                    "type": "RollingUpdate"
                  }
                ],
                "template": [
                  {
                    "metadata": [
                      {
                        "annotations": {},
                        "generate_name": "",
                        "generation": 0,
                        "labels": {
                          "app": "postgres"
                        },
                        "name": "",
                        "namespace": "",
                        "resource_version": "",
                        "uid": ""
                      }
                    ],
                    "spec": [
                      {
                        "active_deadline_seconds": 0,
                        "affinity": [],
                        "automount_service_account_token": true,
                        "container": [
                          {
                            "args": [],
                            "command": [],
                            "env": [
                              {
                                "name": "POSTGRES_USER",
                                "value": "odoo",
                                "value_from": []
                              },
                              {
                                "name": "POSTGRES_PASSWORD",
                                "value": "odoo",
                                "value_from": []
                              },
                              {
                                "name": "POSTGRES_DB",
                                "value": "postgres",
                                "value_from": []
                              }
                            ],
                            "env_from": [],
                            "image": "postgres:16",
                            "image_pull_policy": "IfNotPresent",
                            "lifecycle": [],
                            "liveness_probe": [],
                            "name": "postgres",
                            "port": [
                              {
                                "container_port": 5432,
                                "host_ip": "",
                                "host_port": 0,
                                "name": "",
                                "protocol": "TCP"
                              }
                            ],
                            "readiness_probe": [],
                            "resources": [
                              {
                                "limits": {},
                                "requests": {}
                              }
                            ],
                            "security_context": [],
                            "startup_probe": [],
                            "stdin": false,
                            "stdin_once": false,
                            "termination_message_path": "/dev/termination-log",
                            "termination_message_policy": "File",
                            "tty": false,
                            "volume_device": [],
                            "volume_mount": [],
                            "working_dir": ""
                          }
                        ],
                        "dns_config": [],
                        "dns_policy": "ClusterFirst",
                        "enable_service_links": true,
                        "host_aliases": [],
                        "host_ipc": false,
                        "host_network": false,
                        "host_pid": false,
                        "hostname": "",
                        "image_pull_secrets": [],
                        "init_container": [],
                        "node_name": "",
                        "node_selector": {},
                        "os": [],
                        "priority_class_name": "",
                        "readiness_gate": [],
                        "restart_policy": "Always",
                        "runtime_class_name": "",
                        "scheduler_name": "default-scheduler",
                        "security_context": [],
                        "service_account_name": "",
                        "share_process_namespace": false,
                        "subdomain": "",
                        "termination_grace_period_seconds": 30,
                        "toleration": [],
                        "topology_spread_constraint": [],
                        "volume": []
                      }
                    ]
                  }
                ]
              }
            ],
            "timeouts": null,
            "wait_for_rollout": true
          },
          "sensitive_attributes": [],
          "private": "eyJlMmJmYjczMC1lY2FhLTExZTYtOGY4OC0zNDM2M2JjN2M0YzAiOnsiY3JlYXRlIjo2MDAwMDAwMDAwMDAsImRlbGV0ZSI6NjAwMDAwMDAwMDAwLCJ1cGRhdGUiOjYwMDAwMDAwMDAwMH0sInNjaGVtYV92ZXJzaW9uIjoiMSJ9",
          "dependencies": [
            "kubernetes_namespace.client_namespace",
            "minikube_cluster.my-cluster"
          ]
        }
      ]
    },
    {
      "module": "module.postgresql",
      "mode": "managed",
      "type": "kubernetes_service",
      "name": "postgres",
      "provider": "provider[\"registry.terraform.io/hashicorp/kubernetes\"]",
      "instances": [
        {
          "schema_version": 1,
          "attributes": {
            "id": "netflix-prod/postgres-service",
            "metadata": [
              {
                "annotations": {},
                "generate_name": "",
                "generation": 0,
                "labels": {},
                "name": "postgres-service",
                "namespace": "netflix-prod",
                "resource_version": "291",
                "uid": "f15de4e8-5db1-4fbf-8af8-4fc9d7c965d3"
              }
            ],
            "spec": [
              {
                "allocate_load_balancer_node_ports": true,
                "cluster_ip": "10.109.124.211",
                "cluster_ips": [
                  "10.109.124.211"
                ],
                "external_ips": [],
                "external_name": "",
                "external_traffic_policy": "",
                "health_check_node_port": 0,
                "internal_traffic_policy": "Cluster",
                "ip_families": [
                  "IPv4"
                ],
                "ip_family_policy": "SingleStack",
                "load_balancer_class": "",
                "load_balancer_ip": "",
                "load_balancer_source_ranges": [],
                "port": [
                  {
                    "app_protocol": "",
                    "name": "",
                    "node_port": 0,
                    "port": 5432,
                    "protocol": "TCP",
                    "target_port": "5432"
                  }
                ],
                "publish_not_ready_addresses": false,
                "selector": {
                  "app": "postgres"
                },
                "session_affinity": "None",
                "session_affinity_config": [],
                "type": "ClusterIP"
              }
            ],
            "status": [
              {
                "load_balancer": [
                  {
                    "ingress": []
                  }
                ]
              }
            ],
            "timeouts": null,
            "wait_for_load_balancer": true
          },
          "sensitive_attributes": [],
          "private": "eyJlMmJmYjczMC1lY2FhLTExZTYtOGY4OC0zNDM2M2JjN2M0YzAiOnsiY3JlYXRlIjo2MDAwMDAwMDAwMDB9LCJzY2hlbWFfdmVyc2lvbiI6IjEifQ==",
          "dependencies": [
            "kubernetes_namespace.client_namespace",
            "minikube_cluster.my-cluster"
          ]
        }
      ]
    }
  ],
  "check_results": null
}
